// !$*UTF8*$!
{
	archiveVersion = 1;
	classes = {
	};
	objectVersion = 48;
	objects = {

/* Begin PBXBuildFile section */
		35090CC2207FEEA700AEA18D /* ToDoTableViewController.swift in Sources */ = {isa = PBXBuildFile; fileRef = 35090CC1207FEEA700AEA18D /* ToDoTableViewController.swift */; };
		35090CC4207FEF3F00AEA18D /* TicTacToeViewController.swift in Sources */ = {isa = PBXBuildFile; fileRef = 35090CC3207FEF3F00AEA18D /* TicTacToeViewController.swift */; };
		35090CC6207FEF9300AEA18D /* MapViewController.swift in Sources */ = {isa = PBXBuildFile; fileRef = 35090CC5207FEF9300AEA18D /* MapViewController.swift */; };
		35090CC8207FF01100AEA18D /* RandomGameViewController.swift in Sources */ = {isa = PBXBuildFile; fileRef = 35090CC7207FF01100AEA18D /* RandomGameViewController.swift */; };
		35D87586207FEC6900E389D4 /* AppDelegate.swift in Sources */ = {isa = PBXBuildFile; fileRef = 35D87585207FEC6900E389D4 /* AppDelegate.swift */; };
		35D87588207FEC6900E389D4 /* ViewController.swift in Sources */ = {isa = PBXBuildFile; fileRef = 35D87587207FEC6900E389D4 /* ViewController.swift */; };
		35D8758B207FEC6900E389D4 /* Main.storyboard in Resources */ = {isa = PBXBuildFile; fileRef = 35D87589207FEC6900E389D4 /* Main.storyboard */; };
		35D8758D207FEC6900E389D4 /* Assets.xcassets in Resources */ = {isa = PBXBuildFile; fileRef = 35D8758C207FEC6900E389D4 /* Assets.xcassets */; };
		35D87590207FEC6900E389D4 /* LaunchScreen.storyboard in Resources */ = {isa = PBXBuildFile; fileRef = 35D8758E207FEC6900E389D4 /* LaunchScreen.storyboard */; };
		5301DC202088BC4100ADD90F /* GoogleService-Info.plist in Resources */ = {isa = PBXBuildFile; fileRef = 5301DC1F2088BC4000ADD90F /* GoogleService-Info.plist */; };
		5D299ECF20888DF300B0F061 /* customTodoCell.swift in Sources */ = {isa = PBXBuildFile; fileRef = 5D299ECE20888DF300B0F061 /* customTodoCell.swift */; };
		5D7DE0182088B5F100C9F794 /* TodoViewController.swift in Sources */ = {isa = PBXBuildFile; fileRef = 5D7DE0172088B5F100C9F794 /* TodoViewController.swift */; };
		72BE4F6520889AD90038D292 /* MapKit.framework in Frameworks */ = {isa = PBXBuildFile; fileRef = 72BE4F6420889AD90038D292 /* MapKit.framework */; };
		72C9229E2088A0BF00D5D32C /* AnnotationModel.swift in Sources */ = {isa = PBXBuildFile; fileRef = 72C9229D2088A0BF00D5D32C /* AnnotationModel.swift */; };
		72EBCA80209215AE0069B03D /* CoreLocation.framework in Frameworks */ = {isa = PBXBuildFile; fileRef = 72EBCA7F209215AE0069B03D /* CoreLocation.framework */; };
		DE5FC6E81A1DF2EDC601776F /* Pods_SwissKnife.framework in Frameworks */ = {isa = PBXBuildFile; fileRef = 9C8900BF3D5B523DDF25AF8E /* Pods_SwissKnife.framework */; };
/* End PBXBuildFile section */

/* Begin PBXFileReference section */
		35090CC1207FEEA700AEA18D /* ToDoTableViewController.swift */ = {isa = PBXFileReference; lastKnownFileType = sourcecode.swift; path = ToDoTableViewController.swift; sourceTree = "<group>"; };
		35090CC3207FEF3F00AEA18D /* TicTacToeViewController.swift */ = {isa = PBXFileReference; lastKnownFileType = sourcecode.swift; path = TicTacToeViewController.swift; sourceTree = "<group>"; };
		35090CC5207FEF9300AEA18D /* MapViewController.swift */ = {isa = PBXFileReference; lastKnownFileType = sourcecode.swift; path = MapViewController.swift; sourceTree = "<group>"; };
		35090CC7207FF01100AEA18D /* RandomGameViewController.swift */ = {isa = PBXFileReference; lastKnownFileType = sourcecode.swift; path = RandomGameViewController.swift; sourceTree = "<group>"; };
		35D87582207FEC6900E389D4 /* SwissKnife.app */ = {isa = PBXFileReference; explicitFileType = wrapper.application; includeInIndex = 0; path = SwissKnife.app; sourceTree = BUILT_PRODUCTS_DIR; };
		35D87585207FEC6900E389D4 /* AppDelegate.swift */ = {isa = PBXFileReference; lastKnownFileType = sourcecode.swift; path = AppDelegate.swift; sourceTree = "<group>"; };
		35D87587207FEC6900E389D4 /* ViewController.swift */ = {isa = PBXFileReference; lastKnownFileType = sourcecode.swift; path = ViewController.swift; sourceTree = "<group>"; };
		35D8758A207FEC6900E389D4 /* Base */ = {isa = PBXFileReference; lastKnownFileType = file.storyboard; name = Base; path = Base.lproj/Main.storyboard; sourceTree = "<group>"; };
		35D8758C207FEC6900E389D4 /* Assets.xcassets */ = {isa = PBXFileReference; lastKnownFileType = folder.assetcatalog; path = Assets.xcassets; sourceTree = "<group>"; };
		35D8758F207FEC6900E389D4 /* Base */ = {isa = PBXFileReference; lastKnownFileType = file.storyboard; name = Base; path = Base.lproj/LaunchScreen.storyboard; sourceTree = "<group>"; };
		35D87591207FEC6900E389D4 /* Info.plist */ = {isa = PBXFileReference; lastKnownFileType = text.plist.xml; path = Info.plist; sourceTree = "<group>"; };
		4B69EECC47CCCC5D21DEB013 /* Pods-SwissKnife.release.xcconfig */ = {isa = PBXFileReference; includeInIndex = 1; lastKnownFileType = text.xcconfig; name = "Pods-SwissKnife.release.xcconfig"; path = "Pods/Target Support Files/Pods-SwissKnife/Pods-SwissKnife.release.xcconfig"; sourceTree = "<group>"; };
		5301DC1F2088BC4000ADD90F /* GoogleService-Info.plist */ = {isa = PBXFileReference; fileEncoding = 4; lastKnownFileType = text.plist.xml; path = "GoogleService-Info.plist"; sourceTree = SOURCE_ROOT; };
		5D299ECE20888DF300B0F061 /* customTodoCell.swift */ = {isa = PBXFileReference; lastKnownFileType = sourcecode.swift; path = customTodoCell.swift; sourceTree = "<group>"; };
		5D7DE0172088B5F100C9F794 /* TodoViewController.swift */ = {isa = PBXFileReference; lastKnownFileType = sourcecode.swift; path = TodoViewController.swift; sourceTree = "<group>"; };
		69C14D5B51A5E00BF7EB34F8 /* Pods-SwissKnife.debug.xcconfig */ = {isa = PBXFileReference; includeInIndex = 1; lastKnownFileType = text.xcconfig; name = "Pods-SwissKnife.debug.xcconfig"; path = "Pods/Target Support Files/Pods-SwissKnife/Pods-SwissKnife.debug.xcconfig"; sourceTree = "<group>"; };
		72BE4F6420889AD90038D292 /* MapKit.framework */ = {isa = PBXFileReference; lastKnownFileType = wrapper.framework; name = MapKit.framework; path = System/Library/Frameworks/MapKit.framework; sourceTree = SDKROOT; };
		72C9229D2088A0BF00D5D32C /* AnnotationModel.swift */ = {isa = PBXFileReference; lastKnownFileType = sourcecode.swift; path = AnnotationModel.swift; sourceTree = SOURCE_ROOT; };
		72EBCA7F209215AE0069B03D /* CoreLocation.framework */ = {isa = PBXFileReference; lastKnownFileType = wrapper.framework; name = CoreLocation.framework; path = System/Library/Frameworks/CoreLocation.framework; sourceTree = SDKROOT; };
		9C8900BF3D5B523DDF25AF8E /* Pods_SwissKnife.framework */ = {isa = PBXFileReference; explicitFileType = wrapper.framework; includeInIndex = 0; path = Pods_SwissKnife.framework; sourceTree = BUILT_PRODUCTS_DIR; };
/* End PBXFileReference section */

/* Begin PBXFrameworksBuildPhase section */
		35D8757F207FEC6900E389D4 /* Frameworks */ = {
			isa = PBXFrameworksBuildPhase;
			buildActionMask = 2147483647;
			files = (
				72EBCA80209215AE0069B03D /* CoreLocation.framework in Frameworks */,
				72BE4F6520889AD90038D292 /* MapKit.framework in Frameworks */,
				DE5FC6E81A1DF2EDC601776F /* Pods_SwissKnife.framework in Frameworks */,
			);
			runOnlyForDeploymentPostprocessing = 0;
		};
/* End PBXFrameworksBuildPhase section */

/* Begin PBXGroup section */
		35D87579207FEC6900E389D4 = {
			isa = PBXGroup;
			children = (
				35D87599207FECBB00E389D4 /* Controller */,
				35D87598207FECAA00E389D4 /* View */,
				35D87597207FEC9000E389D4 /* Model */,
				35D87584207FEC6900E389D4 /* SwissKnife */,
				35D87583207FEC6900E389D4 /* Products */,
				72BE4F6320889AD90038D292 /* Frameworks */,
				60960D13E37E38FF9717D0A6 /* Pods */,
			);
			sourceTree = "<group>";
		};
		35D87583207FEC6900E389D4 /* Products */ = {
			isa = PBXGroup;
			children = (
				35D87582207FEC6900E389D4 /* SwissKnife.app */,
			);
			name = Products;
			sourceTree = "<group>";
		};
		35D87584207FEC6900E389D4 /* SwissKnife */ = {
			isa = PBXGroup;
			children = (
				35D87585207FEC6900E389D4 /* AppDelegate.swift */,
				35D87591207FEC6900E389D4 /* Info.plist */,
				5301DC1F2088BC4000ADD90F /* GoogleService-Info.plist */,
			);
			path = SwissKnife;
			sourceTree = "<group>";
		};
		35D87597207FEC9000E389D4 /* Model */ = {
			isa = PBXGroup;
			children = (
				72C9229D2088A0BF00D5D32C /* AnnotationModel.swift */,
			);
			path = Model;
			sourceTree = "<group>";
		};
		35D87598207FECAA00E389D4 /* View */ = {
			isa = PBXGroup;
			children = (
				35D8758E207FEC6900E389D4 /* LaunchScreen.storyboard */,
				35D87589207FEC6900E389D4 /* Main.storyboard */,
				35D8758C207FEC6900E389D4 /* Assets.xcassets */,
			);
			path = View;
			sourceTree = "<group>";
		};
		35D87599207FECBB00E389D4 /* Controller */ = {
			isa = PBXGroup;
			children = (
				35D87587207FEC6900E389D4 /* ViewController.swift */,
				35090CC1207FEEA700AEA18D /* ToDoTableViewController.swift */,
				35090CC3207FEF3F00AEA18D /* TicTacToeViewController.swift */,
				35090CC5207FEF9300AEA18D /* MapViewController.swift */,
				35090CC7207FF01100AEA18D /* RandomGameViewController.swift */,
				5D299ECE20888DF300B0F061 /* customTodoCell.swift */,
				5D7DE0172088B5F100C9F794 /* TodoViewController.swift */,
			);
			path = Controller;
			sourceTree = "<group>";
		};
		60960D13E37E38FF9717D0A6 /* Pods */ = {
			isa = PBXGroup;
			children = (
				69C14D5B51A5E00BF7EB34F8 /* Pods-SwissKnife.debug.xcconfig */,
				4B69EECC47CCCC5D21DEB013 /* Pods-SwissKnife.release.xcconfig */,
			);
			name = Pods;
			sourceTree = "<group>";
		};
		72BE4F6320889AD90038D292 /* Frameworks */ = {
			isa = PBXGroup;
			children = (
				72EBCA7F209215AE0069B03D /* CoreLocation.framework */,
				72BE4F6420889AD90038D292 /* MapKit.framework */,
				9C8900BF3D5B523DDF25AF8E /* Pods_SwissKnife.framework */,
			);
			name = Frameworks;
			sourceTree = "<group>";
		};
/* End PBXGroup section */

/* Begin PBXNativeTarget section */
		35D87581207FEC6900E389D4 /* SwissKnife */ = {
			isa = PBXNativeTarget;
			buildConfigurationList = 35D87594207FEC6900E389D4 /* Build configuration list for PBXNativeTarget "SwissKnife" */;
			buildPhases = (
				7595EFA1F0E3C01F4D720984 /* [CP] Check Pods Manifest.lock */,
				35D8757E207FEC6900E389D4 /* Sources */,
				35D8757F207FEC6900E389D4 /* Frameworks */,
				35D87580207FEC6900E389D4 /* Resources */,
				ADA745E620EFCBE30F50B4A5 /* [CP] Embed Pods Frameworks */,
			);
			buildRules = (
			);
			dependencies = (
			);
			name = SwissKnife;
			productName = SwissKnife;
			productReference = 35D87582207FEC6900E389D4 /* SwissKnife.app */;
			productType = "com.apple.product-type.application";
		};
/* End PBXNativeTarget section */

/* Begin PBXProject section */
		35D8757A207FEC6900E389D4 /* Project object */ = {
			isa = PBXProject;
			attributes = {
				LastSwiftUpdateCheck = 0920;
				LastUpgradeCheck = 0930;
				ORGANIZATIONNAME = Georgios;
				TargetAttributes = {
					35D87581207FEC6900E389D4 = {
						CreatedOnToolsVersion = 9.2;
						ProvisioningStyle = Automatic;
						SystemCapabilities = {
							com.apple.Maps.iOS = {
								enabled = 1;
							};
						};
					};
				};
			};
			buildConfigurationList = 35D8757D207FEC6900E389D4 /* Build configuration list for PBXProject "SwissKnife" */;
			compatibilityVersion = "Xcode 8.0";
			developmentRegion = en;
			hasScannedForEncodings = 0;
			knownRegions = (
				en,
				Base,
			);
			mainGroup = 35D87579207FEC6900E389D4;
			productRefGroup = 35D87583207FEC6900E389D4 /* Products */;
			projectDirPath = "";
			projectRoot = "";
			targets = (
				35D87581207FEC6900E389D4 /* SwissKnife */,
			);
		};
/* End PBXProject section */

/* Begin PBXResourcesBuildPhase section */
		35D87580207FEC6900E389D4 /* Resources */ = {
			isa = PBXResourcesBuildPhase;
			buildActionMask = 2147483647;
			files = (
				35D87590207FEC6900E389D4 /* LaunchScreen.storyboard in Resources */,
				5301DC202088BC4100ADD90F /* GoogleService-Info.plist in Resources */,
				35D8758D207FEC6900E389D4 /* Assets.xcassets in Resources */,
				35D8758B207FEC6900E389D4 /* Main.storyboard in Resources */,
			);
			runOnlyForDeploymentPostprocessing = 0;
		};
/* End PBXResourcesBuildPhase section */

/* Begin PBXShellScriptBuildPhase section */
		7595EFA1F0E3C01F4D720984 /* [CP] Check Pods Manifest.lock */ = {
			isa = PBXShellScriptBuildPhase;
			buildActionMask = 2147483647;
			files = (
			);
			inputPaths = (
				"${PODS_PODFILE_DIR_PATH}/Podfile.lock",
				"${PODS_ROOT}/Manifest.lock",
			);
			name = "[CP] Check Pods Manifest.lock";
			outputPaths = (
				"$(DERIVED_FILE_DIR)/Pods-SwissKnife-checkManifestLockResult.txt",
			);
			runOnlyForDeploymentPostprocessing = 0;
			shellPath = /bin/sh;
			shellScript = "diff \"${PODS_PODFILE_DIR_PATH}/Podfile.lock\" \"${PODS_ROOT}/Manifest.lock\" > /dev/null\nif [ $? != 0 ] ; then\n    # print error to STDERR\n    echo \"error: The sandbox is not in sync with the Podfile.lock. Run 'pod install' or update your CocoaPods installation.\" >&2\n    exit 1\nfi\n# This output is used by Xcode 'outputs' to avoid re-running this script phase.\necho \"SUCCESS\" > \"${SCRIPT_OUTPUT_FILE_0}\"\n";
			showEnvVarsInLog = 0;
		};
		ADA745E620EFCBE30F50B4A5 /* [CP] Embed Pods Frameworks */ = {
			isa = PBXShellScriptBuildPhase;
			buildActionMask = 2147483647;
			files = (
			);
			inputPaths = (
				"${SRCROOT}/Pods/Target Support Files/Pods-SwissKnife/Pods-SwissKnife-frameworks.sh",
				"${BUILT_PRODUCTS_DIR}/GTMSessionFetcher/GTMSessionFetcher.framework",
				"${BUILT_PRODUCTS_DIR}/GoogleToolboxForMac/GoogleToolboxForMac.framework",
				"${BUILT_PRODUCTS_DIR}/leveldb-library/leveldb.framework",
				"${BUILT_PRODUCTS_DIR}/nanopb/nanopb.framework",
			);
			name = "[CP] Embed Pods Frameworks";
			outputPaths = (
				"${TARGET_BUILD_DIR}/${FRAMEWORKS_FOLDER_PATH}/GTMSessionFetcher.framework",
				"${TARGET_BUILD_DIR}/${FRAMEWORKS_FOLDER_PATH}/GoogleToolboxForMac.framework",
				"${TARGET_BUILD_DIR}/${FRAMEWORKS_FOLDER_PATH}/leveldb.framework",
				"${TARGET_BUILD_DIR}/${FRAMEWORKS_FOLDER_PATH}/nanopb.framework",
			);
			runOnlyForDeploymentPostprocessing = 0;
			shellPath = /bin/sh;
			shellScript = "\"${SRCROOT}/Pods/Target Support Files/Pods-SwissKnife/Pods-SwissKnife-frameworks.sh\"\n";
			showEnvVarsInLog = 0;
		};
/* End PBXShellScriptBuildPhase section */

/* Begin PBXSourcesBuildPhase section */
		35D8757E207FEC6900E389D4 /* Sources */ = {
			isa = PBXSourcesBuildPhase;
			buildActionMask = 2147483647;
			files = (
				35D87588207FEC6900E389D4 /* ViewController.swift in Sources */,
				5D7DE0182088B5F100C9F794 /* TodoViewController.swift in Sources */,
				35090CC8207FF01100AEA18D /* RandomGameViewController.swift in Sources */,
				35090CC2207FEEA700AEA18D /* ToDoTableViewController.swift in Sources */,
				35D87586207FEC6900E389D4 /* AppDelegate.swift in Sources */,
				72C9229E2088A0BF00D5D32C /* AnnotationModel.swift in Sources */,
				5D299ECF20888DF300B0F061 /* customTodoCell.swift in Sources */,
				35090CC6207FEF9300AEA18D /* MapViewController.swift in Sources */,
				35090CC4207FEF3F00AEA18D /* TicTacToeViewController.swift in Sources */,
			);
			runOnlyForDeploymentPostprocessing = 0;
		};
/* End PBXSourcesBuildPhase section */

/* Begin PBXVariantGroup section */
		35D87589207FEC6900E389D4 /* Main.storyboard */ = {
			isa = PBXVariantGroup;
			children = (
				35D8758A207FEC6900E389D4 /* Base */,
			);
			name = Main.storyboard;
			sourceTree = "<group>";
		};
		35D8758E207FEC6900E389D4 /* LaunchScreen.storyboard */ = {
			isa = PBXVariantGroup;
			children = (
				35D8758F207FEC6900E389D4 /* Base */,
			);
			name = LaunchScreen.storyboard;
			sourceTree = "<group>";
		};
/* End PBXVariantGroup section */

/* Begin XCBuildConfiguration section */
		35D87592207FEC6900E389D4 /* Debug */ = {
			isa = XCBuildConfiguration;
			buildSettings = {
				ALWAYS_SEARCH_USER_PATHS = NO;
				CLANG_ANALYZER_NONNULL = YES;
				CLANG_ANALYZER_NUMBER_OBJECT_CONVERSION = YES_AGGRESSIVE;
				CLANG_CXX_LANGUAGE_STANDARD = "gnu++14";
				CLANG_CXX_LIBRARY = "libc++";
				CLANG_ENABLE_MODULES = YES;
				CLANG_ENABLE_OBJC_ARC = YES;
				CLANG_WARN_BLOCK_CAPTURE_AUTORELEASING = YES;
				CLANG_WARN_BOOL_CONVERSION = YES;
				CLANG_WARN_COMMA = YES;
				CLANG_WARN_CONSTANT_CONVERSION = YES;
				CLANG_WARN_DEPRECATED_OBJC_IMPLEMENTATIONS = YES;
				CLANG_WARN_DIRECT_OBJC_ISA_USAGE = YES_ERROR;
				CLANG_WARN_DOCUMENTATION_COMMENTS = YES;
				CLANG_WARN_EMPTY_BODY = YES;
				CLANG_WARN_ENUM_CONVERSION = YES;
				CLANG_WARN_INFINITE_RECURSION = YES;
				CLANG_WARN_INT_CONVERSION = YES;
				CLANG_WARN_NON_LITERAL_NULL_CONVERSION = YES;
				CLANG_WARN_OBJC_IMPLICIT_RETAIN_SELF = YES;
				CLANG_WARN_OBJC_LITERAL_CONVERSION = YES;
				CLANG_WARN_OBJC_ROOT_CLASS = YES_ERROR;
				CLANG_WARN_RANGE_LOOP_ANALYSIS = YES;
				CLANG_WARN_STRICT_PROTOTYPES = YES;
				CLANG_WARN_SUSPICIOUS_MOVE = YES;
				CLANG_WARN_UNGUARDED_AVAILABILITY = YES_AGGRESSIVE;
				CLANG_WARN_UNREACHABLE_CODE = YES;
				CLANG_WARN__DUPLICATE_METHOD_MATCH = YES;
				CODE_SIGN_IDENTITY = "iPhone Developer";
				COPY_PHASE_STRIP = NO;
				DEBUG_INFORMATION_FORMAT = dwarf;
				ENABLE_STRICT_OBJC_MSGSEND = YES;
				ENABLE_TESTABILITY = YES;
				GCC_C_LANGUAGE_STANDARD = gnu11;
				GCC_DYNAMIC_NO_PIC = NO;
				GCC_NO_COMMON_BLOCKS = YES;
				GCC_OPTIMIZATION_LEVEL = 0;
				GCC_PREPROCESSOR_DEFINITIONS = (
					"DEBUG=1",
					"$(inherited)",
				);
				GCC_WARN_64_TO_32_BIT_CONVERSION = YES;
				GCC_WARN_ABOUT_RETURN_TYPE = YES_ERROR;
				GCC_WARN_UNDECLARED_SELECTOR = YES;
				GCC_WARN_UNINITIALIZED_AUTOS = YES_AGGRESSIVE;
				GCC_WARN_UNUSED_FUNCTION = YES;
				GCC_WARN_UNUSED_VARIABLE = YES;
				IPHONEOS_DEPLOYMENT_TARGET = 11.2;
				MTL_ENABLE_DEBUG_INFO = YES;
				ONLY_ACTIVE_ARCH = YES;
				SDKROOT = iphoneos;
				SWIFT_ACTIVE_COMPILATION_CONDITIONS = DEBUG;
				SWIFT_OPTIMIZATION_LEVEL = "-Onone";
			};
			name = Debug;
		};
		35D87593207FEC6900E389D4 /* Release */ = {
			isa = XCBuildConfiguration;
			buildSettings = {
				ALWAYS_SEARCH_USER_PATHS = NO;
				CLANG_ANALYZER_NONNULL = YES;
				CLANG_ANALYZER_NUMBER_OBJECT_CONVERSION = YES_AGGRESSIVE;
				CLANG_CXX_LANGUAGE_STANDARD = "gnu++14";
				CLANG_CXX_LIBRARY = "libc++";
				CLANG_ENABLE_MODULES = YES;
				CLANG_ENABLE_OBJC_ARC = YES;
				CLANG_WARN_BLOCK_CAPTURE_AUTORELEASING = YES;
				CLANG_WARN_BOOL_CONVERSION = YES;
				CLANG_WARN_COMMA = YES;
				CLANG_WARN_CONSTANT_CONVERSION = YES;
				CLANG_WARN_DEPRECATED_OBJC_IMPLEMENTATIONS = YES;
				CLANG_WARN_DIRECT_OBJC_ISA_USAGE = YES_ERROR;
				CLANG_WARN_DOCUMENTATION_COMMENTS = YES;
				CLANG_WARN_EMPTY_BODY = YES;
				CLANG_WARN_ENUM_CONVERSION = YES;
				CLANG_WARN_INFINITE_RECURSION = YES;
				CLANG_WARN_INT_CONVERSION = YES;
				CLANG_WARN_NON_LITERAL_NULL_CONVERSION = YES;
				CLANG_WARN_OBJC_IMPLICIT_RETAIN_SELF = YES;
				CLANG_WARN_OBJC_LITERAL_CONVERSION = YES;
				CLANG_WARN_OBJC_ROOT_CLASS = YES_ERROR;
				CLANG_WARN_RANGE_LOOP_ANALYSIS = YES;
				CLANG_WARN_STRICT_PROTOTYPES = YES;
				CLANG_WARN_SUSPICIOUS_MOVE = YES;
				CLANG_WARN_UNGUARDED_AVAILABILITY = YES_AGGRESSIVE;
				CLANG_WARN_UNREACHABLE_CODE = YES;
				CLANG_WARN__DUPLICATE_METHOD_MATCH = YES;
				CODE_SIGN_IDENTITY = "iPhone Developer";
				COPY_PHASE_STRIP = NO;
				DEBUG_INFORMATION_FORMAT = "dwarf-with-dsym";
				ENABLE_NS_ASSERTIONS = NO;
				ENABLE_STRICT_OBJC_MSGSEND = YES;
				GCC_C_LANGUAGE_STANDARD = gnu11;
				GCC_NO_COMMON_BLOCKS = YES;
				GCC_WARN_64_TO_32_BIT_CONVERSION = YES;
				GCC_WARN_ABOUT_RETURN_TYPE = YES_ERROR;
				GCC_WARN_UNDECLARED_SELECTOR = YES;
				GCC_WARN_UNINITIALIZED_AUTOS = YES_AGGRESSIVE;
				GCC_WARN_UNUSED_FUNCTION = YES;
				GCC_WARN_UNUSED_VARIABLE = YES;
				IPHONEOS_DEPLOYMENT_TARGET = 11.2;
				MTL_ENABLE_DEBUG_INFO = NO;
				SDKROOT = iphoneos;
				SWIFT_OPTIMIZATION_LEVEL = "-Owholemodule";
				VALIDATE_PRODUCT = YES;
			};
			name = Release;
		};
		35D87595207FEC6900E389D4 /* Debug */ = {
			isa = XCBuildConfiguration;
			baseConfigurationReference = 69C14D5B51A5E00BF7EB34F8 /* Pods-SwissKnife.debug.xcconfig */;
			buildSettings = {
				ASSETCATALOG_COMPILER_APPICON_NAME = AppIcon;
				CODE_SIGN_STYLE = Automatic;
				DEVELOPMENT_TEAM = PD8D79ZJR7;
				INFOPLIST_FILE = SwissKnife/Info.plist;
				LD_RUNPATH_SEARCH_PATHS = "$(inherited) @executable_path/Frameworks";
				PRODUCT_BUNDLE_IDENTIFIER = RK.SwissKnife;
				PRODUCT_NAME = "$(TARGET_NAME)";
				SWIFT_VERSION = 4.0;
				TARGETED_DEVICE_FAMILY = "1,2";
			};
			name = Debug;
		};
		35D87596207FEC6900E389D4 /* Release */ = {
			isa = XCBuildConfiguration;
			baseConfigurationReference = 4B69EECC47CCCC5D21DEB013 /* Pods-SwissKnife.release.xcconfig */;
			buildSettings = {
				ASSETCATALOG_COMPILER_APPICON_NAME = AppIcon;
				CODE_SIGN_STYLE = Automatic;
				DEVELOPMENT_TEAM = PD8D79ZJR7;
				INFOPLIST_FILE = SwissKnife/Info.plist;
				LD_RUNPATH_SEARCH_PATHS = "$(inherited) @executable_path/Frameworks";
				PRODUCT_BUNDLE_IDENTIFIER = RK.SwissKnife;
				PRODUCT_NAME = "$(TARGET_NAME)";
				SWIFT_VERSION = 4.0;
				TARGETED_DEVICE_FAMILY = "1,2";
			};
			name = Release;
		};
/* End XCBuildConfiguration section */

/* Begin XCConfigurationList section */
		35D8757D207FEC6900E389D4 /* Build configuration list for PBXProject "SwissKnife" */ = {
			isa = XCConfigurationList;
			buildConfigurations = (
				35D87592207FEC6900E389D4 /* Debug */,
				35D87593207FEC6900E389D4 /* Release */,
			);
			defaultConfigurationIsVisible = 0;
			defaultConfigurationName = Release;
		};
		35D87594207FEC6900E389D4 /* Build configuration list for PBXNativeTarget "SwissKnife" */ = {
			isa = XCConfigurationList;
			buildConfigurations = (
				35D87595207FEC6900E389D4 /* Debug */,
				35D87596207FEC6900E389D4 /* Release */,
			);
			defaultConfigurationIsVisible = 0;
			defaultConfigurationName = Release;
		};
/* End XCConfigurationList section */
	};
	rootObject = 35D8757A207FEC6900E389D4 /* Project object */;
}
